
Microsoft Visual Studio Solution File, Format Version 12.00
# Visual Studio Version 16
VisualStudioVersion = 25.0.1706.7
MinimumVisualStudioVersion = 10.0.40219.1
Project("{FAE04EC0-301F-11D3-BF4B-00C04F79EFBC}") = "CsharpDates", "CsharpDates.csproj", "{0D4AC96B-749D-4C25-A0CF-AF92CB754936}"
EndProject
Global
	GlobalSection(SolutionConfigurationPlatforms) = preSolution
		Debug|Any CPU = Debug|Any CPU
		Release|Any CPU = Release|Any CPU
	EndGlobalSection
	GlobalSection(ProjectConfigurationPlatforms) = postSolution
		{0D4AC96B-749D-4C25-A0CF-AF92CB754936}.Debug|Any CPU.ActiveCfg = Debug|Any CPU
		{0D4AC96B-749D-4C25-A0CF-AF92CB754936}.Debug|Any CPU.Build.0 = Debug|Any CPU
		{0D4AC96B-749D-4C25-A0CF-AF92CB754936}.Release|Any CPU.ActiveCfg = Release|Any CPU
		{0D4AC96B-749D-4C25-A0CF-AF92CB754936}.Release|Any CPU.Build.0 = Release|Any CPU
	EndGlobalSection
	GlobalSection(SolutionProperties) = preSolution
		HideSolutionNode = FALSE
	EndGlobalSection
	GlobalSection(ExtensibilityGlobals) = postSolution
		SolutionGuid = {CBA6D64E-667A-4E8C-AEF9-EB71E2ED2EE4}
	EndGlobalSection
EndGlobal
